<?xml version="1.0" encoding="utf-8"?>
<Project ToolsVersion="4.0" xmlns="http://schemas.microsoft.com/developer/msbuild/2003">
  <ItemGroup>
    <Filter Include="소스 파일">
      <UniqueIdentifier>{4FC737F1-C7A5-4376-A066-2A32D752A2FF}</UniqueIdentifier>
      <Extensions>cpp;c;cc;cxx;def;odl;idl;hpj;bat;asm;asmx</Extensions>
    </Filter>
    <Filter Include="헤더 파일">
      <UniqueIdentifier>{93995380-89BD-4b04-88EB-625FBE52EBFB}</UniqueIdentifier>
      <Extensions>h;hh;hpp;hxx;hm;inl;inc;xsd</Extensions>
    </Filter>
    <Filter Include="리소스 파일">
      <UniqueIdentifier>{67DA6AB6-F800-4c08-8B7A-83BB121AAD01}</UniqueIdentifier>
      <Extensions>rc;ico;cur;bmp;dlg;rc2;rct;bin;rgs;gif;jpg;jpeg;jpe;resx;tiff;tif;png;wav;mfcribbon-ms</Extensions>
    </Filter>
    <Filter Include="docs">
      <UniqueIdentifier>{e49ef497-e660-4ec0-96bc-8bae67acfaed}</UniqueIdentifier>
    </Filter>
    <Filter Include="ispring">
      <UniqueIdentifier>{ac65138c-2c17-449c-9603-ec1e2af9efb3}</UniqueIdentifier>
    </Filter>
    <Filter Include="ispring\modules">
      <UniqueIdentifier>{b8fe7875-3286-4f20-8a51-991333aceb75}</UniqueIdentifier>
    </Filter>
    <Filter Include="ispring\modules\System">
      <UniqueIdentifier>{f0c81ad8-c96b-4fea-9d55-efd84c1c8084}</UniqueIdentifier>
    </Filter>
    <Filter Include="ispring\modules\Time">
      <UniqueIdentifier>{52abada9-348c-4d47-87f8-4abebb36d0e7}</UniqueIdentifier>
    </Filter>
    <Filter Include="ispring\modules\Verify">
      <UniqueIdentifier>{f0a29157-f182-4e61-8fd5-74247c18257f}</UniqueIdentifier>
    </Filter>
    <Filter Include="ispring\modules\File">
      <UniqueIdentifier>{fe5a190f-a8cc-4930-be14-28d68f376142}</UniqueIdentifier>
    </Filter>
    <Filter Include="ispring\modules\CV">
      <UniqueIdentifier>{74cea3d8-2c6f-4a4c-b025-c239ed71923c}</UniqueIdentifier>
    </Filter>
    <Filter Include="ispring\modules\Console">
      <UniqueIdentifier>{486eeef9-e473-4109-97e9-33c3b2d4a662}</UniqueIdentifier>
    </Filter>
    <Filter Include="ispring\modules\Compression">
      <UniqueIdentifier>{e0154945-2606-483a-9eeb-e84035574bbb}</UniqueIdentifier>
    </Filter>
    <Filter Include="ispring\modules\Basic">
      <UniqueIdentifier>{ebac36a8-dabd-4275-bd8b-8ddebc9dea77}</UniqueIdentifier>
    </Filter>
    <Filter Include="ispring\modules\Web">
      <UniqueIdentifier>{aaf3510c-c4e6-41cb-b13b-fcb3c0d615d1}</UniqueIdentifier>
    </Filter>
  </ItemGroup>
  <ItemGroup>
    <ClCompile Include="main.cpp">
      <Filter>소스 파일</Filter>
    </ClCompile>
  </ItemGroup>
  <ItemGroup>
    <ClInclude Include="ISpring\All.h">
      <Filter>ispring</Filter>
    </ClInclude>
    <ClInclude Include="ISpring\File.h">
      <Filter>ispring</Filter>
    </ClInclude>
    <ClInclude Include="ispring\Console.h">
      <Filter>ispring</Filter>
    </ClInclude>
    <ClInclude Include="unit_test.h">
      <Filter>헤더 파일</Filter>
    </ClInclude>
    <ClInclude Include="ispring\System.h">
      <Filter>ispring</Filter>
    </ClInclude>
    <ClInclude Include="ispring\Time.h">
      <Filter>ispring</Filter>
    </ClInclude>
    <ClInclude Include="ispring\Compression.h">
      <Filter>ispring</Filter>
    </ClInclude>
    <ClInclude Include="ispring\CV.h">
      <Filter>ispring</Filter>
    </ClInclude>
    <ClInclude Include="ispring\Basic.h">
      <Filter>ispring</Filter>
    </ClInclude>
    <ClInclude Include="ispring\modules\Basic\String.h">
      <Filter>ispring\modules\Basic</Filter>
    </ClInclude>
    <ClInclude Include="ispring\modules\Compression\Zip.h">
      <Filter>ispring\modules\Compression</Filter>
    </ClInclude>
    <ClInclude Include="ispring\modules\Console\xout.h">
      <Filter>ispring\modules\Console</Filter>
    </ClInclude>
    <ClInclude Include="ispring\modules\CV\Geometry.h">
      <Filter>ispring\modules\CV</Filter>
    </ClInclude>
    <ClInclude Include="ispring\modules\System\OS.h">
      <Filter>ispring\modules\System</Filter>
    </ClInclude>
    <ClInclude Include="ispring\modules\Time\Timer.h">
      <Filter>ispring\modules\Time</Filter>
    </ClInclude>
    <ClInclude Include="ispring\modules\Compression\Winzip.h">
      <Filter>ispring\modules\Compression</Filter>
    </ClInclude>
    <ClInclude Include="ispring\modules\defines.h">
      <Filter>ispring\modules</Filter>
    </ClInclude>
    <ClInclude Include="ispring\modules\CV\Image.h">
      <Filter>ispring\modules\CV</Filter>
    </ClInclude>
    <ClInclude Include="ispring\modules\CV\rgb.h">
      <Filter>ispring\modules\CV</Filter>
    </ClInclude>
    <ClInclude Include="ispring\modules\File\FileManager.h">
      <Filter>ispring\modules\File</Filter>
    </ClInclude>
    <ClInclude Include="ispring\Verify.h">
      <Filter>ispring</Filter>
    </ClInclude>
    <ClInclude Include="ispring\modules\Verify\VerifyError.h">
      <Filter>ispring\modules\Verify</Filter>
    </ClInclude>
    <ClInclude Include="ispring\Web.h">
      <Filter>ispring</Filter>
    </ClInclude>
    <ClInclude Include="ispring\modules\Web\www.h">
      <Filter>ispring\modules\Web</Filter>
    </ClInclude>
    <ClInclude Include="ispring\modules\CV\Eval.h">
      <Filter>ispring\modules\CV</Filter>
    </ClInclude>
    <ClInclude Include="ispring\modules\CV\Plot.h">
      <Filter>ispring\modules\CV</Filter>
    </ClInclude>
  </ItemGroup>
  <ItemGroup>
    <None Include="..\docs\README.md">
      <Filter>docs</Filter>
    </None>
    <None Include="..\docs\Time.md">
      <Filter>docs</Filter>
    </None>
    <None Include="..\docs\Console.md">
      <Filter>docs</Filter>
    </None>
    <None Include="..\docs\System.md">
      <Filter>docs</Filter>
    </None>
    <None Include="..\docs\Verify.md">
      <Filter>docs</Filter>
    </None>
    <None Include="..\docs\Compression.md">
      <Filter>docs</Filter>
    </None>
    <None Include="..\docs\File.md">
      <Filter>docs</Filter>
    </None>
    <None Include="..\docs\CV.md">
      <Filter>docs</Filter>
    </None>
  </ItemGroup>
</Project>